PODS:
  - FlutterMacOS (1.0.0)
  - rust_lib_canokey_console (0.0.1):
    - FlutterMacOS

DEPENDENCIES:
  - FlutterMacOS (from `Flutter/ephemeral`)
  - rust_lib_canokey_console (from `Flutter/ephemeral/.symlinks/plugins/rust_lib_canokey_console/macos`)

EXTERNAL SOURCES:
  FlutterMacOS:
    :path: Flutter/ephemeral
  rust_lib_canokey_console:
    :path: Flutter/ephemeral/.symlinks/plugins/rust_lib_canokey_console/macos

SPEC CHECKSUMS:
  FlutterMacOS: d0db08ddef1a9af05a5ec4b724367152bb0500b1
  rust_lib_canokey_console: a4a9152dbbc3183d4ddfe4c79a57f3de31203bd3

PODFILE CHECKSUM: 9ebaf0ce3d369aaa26a9ea0e159195ed94724cf3

COCOAPODS: 1.17.0
