PODS:
  - FlutterMacOS (1.0.0)
  - rust_lib_canokey_console (0.0.1):
    - FlutterMacOS

DEPENDENCIES:
  - FlutterMacOS (from `Flutter/ephemeral`)
  - rust_lib_canokey_console (from `Flutter/ephemeral/.symlinks/plugins/rust_lib_canokey_console/macos`)

EXTERNAL SOURCES:
  FlutterMacOS:
    :path: Flutter/ephemeral
  rust_lib_canokey_console:
    :path: Flutter/ephemeral/.symlinks/plugins/rust_lib_canokey_console/macos

SPEC CHECKSUMS:
  FlutterMacOS: c232990155153907050900a2e175c7773903ba4e
  rust_lib_canokey_console: a4a9152dbbc3183d4ddfe4c79a57f3de31203bd3

PODFILE CHECKSUM: f0c21717cb7ee9112f915044c74bfceb5b12e02a

COCOAPODS: 1.17.0
