PODS:
  - Flutter (1.0.0)
  - rust_lib_canokey_console (0.0.1):
    - Flutter

DEPENDENCIES:
  - Flutter (from `Flutter`)
  - rust_lib_canokey_console (from `.symlinks/plugins/rust_lib_canokey_console/ios`)

EXTERNAL SOURCES:
  Flutter:
    :path: Flutter
  rust_lib_canokey_console:
    :path: ".symlinks/plugins/rust_lib_canokey_console/ios"

SPEC CHECKSUMS:
  Flutter: cabc95a1d2626b1b06e7179b784ebcf0c0cde467
  rust_lib_canokey_console: 518e9996761d9fed2cd1d6f8f330170acd007d69

PODFILE CHECKSUM: 4153e6b74d179c1f6ffe1ab35f4a753651267dd0

COCOAPODS: 1.17.0
